
Microsoft Visual Studio Solution File, Format Version 12.00
# Visual Studio Version 17
VisualStudioVersion = 17.5.33414.496
MinimumVisualStudioVersion = 10.0.40219.1
Project("{9A19103F-16F7-4668-BE54-9A1E7A4F7556}") = "IssueTrackingapp", "IssueTrackingapp.csproj", "{D1B108C3-0BFA-4789-B83D-CCE633BA61B3}"
EndProject
Global
	GlobalSection(SolutionConfigurationPlatforms) = preSolution
		Debug|Any CPU = Debug|Any CPU
		Release|Any CPU = Release|Any CPU
	EndGlobalSection
	GlobalSection(ProjectConfigurationPlatforms) = postSolution
		{D1B108C3-0BFA-4789-B83D-CCE633BA61B3}.Debug|Any CPU.ActiveCfg = Debug|Any CPU
		{D1B108C3-0BFA-4789-B83D-CCE633BA61B3}.Debug|Any CPU.Build.0 = Debug|Any CPU
		{D1B108C3-0BFA-4789-B83D-CCE633BA61B3}.Release|Any CPU.ActiveCfg = Release|Any CPU
		{D1B108C3-0BFA-4789-B83D-CCE633BA61B3}.Release|Any CPU.Build.0 = Release|Any CPU
	EndGlobalSection
	GlobalSection(SolutionProperties) = preSolution
		HideSolutionNode = FALSE
	EndGlobalSection
	GlobalSection(ExtensibilityGlobals) = postSolution
		SolutionGuid = {B49D93A2-F557-4234-955E-60F54D54623D}
	EndGlobalSection
EndGlobal
